<Solution>
  <Folder Name="/src/">
    <Project Path="src/Qtfy/Qtfy.csproj" />
    <Project Path="src/Qtfy.Numerics/Qtfy.Numerics.csproj" />
    <Project Path="src/Qtfy.Numerics.BigRational/Qtfy.Numerics.BigRational.csproj" />
    <Project Path="src/Qtfy.Numerics.LinearAlgebra/Qtfy.Numerics.LinearAlgebra.csproj" />
  </Folder>
  <Folder Name="/test/">
    <Project Path="test/Qtfy.Numerics.Tests/Qtfy.Numerics.Tests.csproj" />
    <Project Path="test/Qtfy.Numerics.Tests.BigRationals/Qtfy.Numerics.Tests.BigRationals.csproj" />
    <Project Path="test/Qtfy.Numerics.Tests.LinearAlgebra/Qtfy.Numerics.Tests.LinearAlgebra.csproj" />
  </Folder>
  <Folder Name="/samples/" />
</Solution>
